{
  "name": "broadcaster",
  "version": "1.0.0",
  "lockfileVersion": 2,
  "requires": true,
  "packages": {
    "": {
      "version": "1.0.0",
      "license": "MIT",
      "dependencies": {
        "discord-webhook-node": "^1.1.8",
        "nats": "^1.4.12"
      }
    },
    "node_modules/asynckit": {
      "version": "0.4.0",
      "resolved": "https://registry.npmjs.org/asynckit/-/asynckit-0.4.0.tgz",
      "integrity": "sha1-x57Zf380y48robyXkLzDZkdLS3k="
    },
    "node_modules/combined-stream": {
      "version": "1.0.8",
      "resolved": "https://registry.npmjs.org/combined-stream/-/combined-stream-1.0.8.tgz",
      "integrity": "sha512-FQN4MRfuJeHf7cBbBMJFXhKSDq+2kAArBlmRBvcvFE5BB1HZKXtSFASDhdlz9zOYwxh8lDdnvmMOe/+5cdoEdg==",
      "dependencies": {
        "delayed-stream": "~1.0.0"
      },
      "engines": {
        "node": ">= 0.8"
      }
    },
    "node_modules/delayed-stream": {
      "version": "1.0.0",
      "resolved": "https://registry.npmjs.org/delayed-stream/-/delayed-stream-1.0.0.tgz",
      "integrity": "sha1-3zrhmayt+31ECqrgsp4icrJOxhk=",
      "engines": {
        "node": ">=0.4.0"
      }
    },
    "node_modules/discord-webhook-node": {
      "version": "1.1.8",
      "resolved": "https://registry.npmjs.org/discord-webhook-node/-/discord-webhook-node-1.1.8.tgz",
      "integrity": "sha512-3u0rrwywwYGc6HrgYirN/9gkBYqmdpvReyQjapoXARAHi0P0fIyf3W5tS5i3U3cc7e44E+e7dIHYUeec7yWaug==",
      "dependencies": {
        "form-data": "^3.0.0",
        "node-fetch": "^2.6.0"
      }
    },
    "node_modules/form-data": {
      "version": "3.0.1",
      "resolved": "https://registry.npmjs.org/form-data/-/form-data-3.0.1.tgz",
      "integrity": "sha512-RHkBKtLWUVwd7SqRIvCZMEvAMoGUp0XU+seQiZejj0COz3RI3hWP4sCv3gZWWLjJTd7rGwcsF5eKZGii0r/hbg==",
      "dependencies": {
        "asynckit": "^0.4.0",
        "combined-stream": "^1.0.8",
        "mime-types": "^2.1.12"
      },
      "engines": {
        "node": ">= 6"
      }
    },
    "node_modules/mime-db": {
      "version": "1.46.0",
      "resolved": "https://registry.npmjs.org/mime-db/-/mime-db-1.46.0.tgz",
      "integrity": "sha512-svXaP8UQRZ5K7or+ZmfNhg2xX3yKDMUzqadsSqi4NCH/KomcH75MAMYAGVlvXn4+b/xOPhS3I2uHKRUzvjY7BQ==",
      "engines": {
        "node": ">= 0.6"
      }
    },
    "node_modules/mime-types": {
      "version": "2.1.29",
      "resolved": "https://registry.npmjs.org/mime-types/-/mime-types-2.1.29.tgz",
      "integrity": "sha512-Y/jMt/S5sR9OaqteJtslsFZKWOIIqMACsJSiHghlCAyhf7jfVYjKBmLiX8OgpWeW+fjJ2b+Az69aPFPkUOY6xQ==",
      "dependencies": {
        "mime-db": "1.46.0"
      },
      "engines": {
        "node": ">= 0.6"
      }
    },
    "node_modules/nats": {
      "version": "1.4.12",
      "resolved": "https://registry.npmjs.org/nats/-/nats-1.4.12.tgz",
      "integrity": "sha512-Jf4qesEF0Ay0D4AMw3OZnKMRTQm+6oZ5q8/m4gpy5bTmiDiK6wCXbZpzEslmezGpE93LV3RojNEG6dpK/mysLQ==",
      "dependencies": {
        "nuid": "^1.1.4",
        "ts-nkeys": "^1.0.16"
      },
      "bin": {
        "node-pub": "examples/node-pub",
        "node-reply": "examples/node-reply",
        "node-req": "examples/node-req",
        "node-sub": "examples/node-sub"
      },
      "engines": {
        "node": ">= 8.0.0"
      }
    },
    "node_modules/node-fetch": {
      "version": "2.6.1",
      "resolved": "https://registry.npmjs.org/node-fetch/-/node-fetch-2.6.1.tgz",
      "integrity": "sha512-V4aYg89jEoVRxRb2fJdAg8FHvI7cEyYdVAh94HH0UIK8oJxUfkjlDQN9RbMx+bEjP7+ggMiFRprSti032Oipxw==",
      "engines": {
        "node": "4.x || >=6.0.0"
      }
    },
    "node_modules/nuid": {
      "version": "1.1.4",
      "resolved": "https://registry.npmjs.org/nuid/-/nuid-1.1.4.tgz",
      "integrity": "sha512-PXiYyHhGfrq8H4g5HyC8enO1lz6SBe5z6x1yx/JG4tmADzDGJVQy3l1sRf3VtEvPsN8dGn9hRFRwDKWL62x0BA==",
      "engines": {
        "node": ">= 8.16.0"
      }
    },
    "node_modules/ts-nkeys": {
      "version": "1.0.16",
      "resolved": "https://registry.npmjs.org/ts-nkeys/-/ts-nkeys-1.0.16.tgz",
      "integrity": "sha512-1qrhAlavbm36wtW+7NtKOgxpzl+70NTF8xlz9mEhiA5zHMlMxjj3sEVKWm3pGZhHXE0Q3ykjrj+OSRVaYw+Dqg==",
      "dependencies": {
        "tweetnacl": "^1.0.3"
      }
    },
    "node_modules/tweetnacl": {
      "version": "1.0.3",
      "resolved": "https://registry.npmjs.org/tweetnacl/-/tweetnacl-1.0.3.tgz",
      "integrity": "sha512-6rt+RN7aOi1nGMyC4Xa5DdYiukl2UWCbcJft7YhxReBGQD7OAM8Pbxw6YMo4r2diNEA8FEmu32YOn9rhaiE5yw=="
    }
  },
  "dependencies": {
    "asynckit": {
      "version": "0.4.0",
      "resolved": "https://registry.npmjs.org/asynckit/-/asynckit-0.4.0.tgz",
      "integrity": "sha1-x57Zf380y48robyXkLzDZkdLS3k="
    },
    "combined-stream": {
      "version": "1.0.8",
      "resolved": "https://registry.npmjs.org/combined-stream/-/combined-stream-1.0.8.tgz",
      "integrity": "sha512-FQN4MRfuJeHf7cBbBMJFXhKSDq+2kAArBlmRBvcvFE5BB1HZKXtSFASDhdlz9zOYwxh8lDdnvmMOe/+5cdoEdg==",
      "requires": {
        "delayed-stream": "~1.0.0"
      }
    },
    "delayed-stream": {
      "version": "1.0.0",
      "resolved": "https://registry.npmjs.org/delayed-stream/-/delayed-stream-1.0.0.tgz",
      "integrity": "sha1-3zrhmayt+31ECqrgsp4icrJOxhk="
    },
    "discord-webhook-node": {
      "version": "1.1.8",
      "resolved": "https://registry.npmjs.org/discord-webhook-node/-/discord-webhook-node-1.1.8.tgz",
      "integrity": "sha512-3u0rrwywwYGc6HrgYirN/9gkBYqmdpvReyQjapoXARAHi0P0fIyf3W5tS5i3U3cc7e44E+e7dIHYUeec7yWaug==",
      "requires": {
        "form-data": "^3.0.0",
        "node-fetch": "^2.6.0"
      }
    },
    "form-data": {
      "version": "3.0.1",
      "resolved": "https://registry.npmjs.org/form-data/-/form-data-3.0.1.tgz",
      "integrity": "sha512-RHkBKtLWUVwd7SqRIvCZMEvAMoGUp0XU+seQiZejj0COz3RI3hWP4sCv3gZWWLjJTd7rGwcsF5eKZGii0r/hbg==",
      "requires": {
        "asynckit": "^0.4.0",
        "combined-stream": "^1.0.8",
        "mime-types": "^2.1.12"
      }
    },
    "mime-db": {
      "version": "1.46.0",
      "resolved": "https://registry.npmjs.org/mime-db/-/mime-db-1.46.0.tgz",
      "integrity": "sha512-svXaP8UQRZ5K7or+ZmfNhg2xX3yKDMUzqadsSqi4NCH/KomcH75MAMYAGVlvXn4+b/xOPhS3I2uHKRUzvjY7BQ=="
    },
    "mime-types": {
      "version": "2.1.29",
      "resolved": "https://registry.npmjs.org/mime-types/-/mime-types-2.1.29.tgz",
      "integrity": "sha512-Y/jMt/S5sR9OaqteJtslsFZKWOIIqMACsJSiHghlCAyhf7jfVYjKBmLiX8OgpWeW+fjJ2b+Az69aPFPkUOY6xQ==",
      "requires": {
        "mime-db": "1.46.0"
      }
    },
    "nats": {
      "version": "1.4.12",
      "resolved": "https://registry.npmjs.org/nats/-/nats-1.4.12.tgz",
      "integrity": "sha512-Jf4qesEF0Ay0D4AMw3OZnKMRTQm+6oZ5q8/m4gpy5bTmiDiK6wCXbZpzEslmezGpE93LV3RojNEG6dpK/mysLQ==",
      "requires": {
        "nuid": "^1.1.4",
        "ts-nkeys": "^1.0.16"
      }
    },
    "node-fetch": {
      "version": "2.6.1",
      "resolved": "https://registry.npmjs.org/node-fetch/-/node-fetch-2.6.1.tgz",
      "integrity": "sha512-V4aYg89jEoVRxRb2fJdAg8FHvI7cEyYdVAh94HH0UIK8oJxUfkjlDQN9RbMx+bEjP7+ggMiFRprSti032Oipxw=="
    },
    "nuid": {
      "version": "1.1.4",
      "resolved": "https://registry.npmjs.org/nuid/-/nuid-1.1.4.tgz",
      "integrity": "sha512-PXiYyHhGfrq8H4g5HyC8enO1lz6SBe5z6x1yx/JG4tmADzDGJVQy3l1sRf3VtEvPsN8dGn9hRFRwDKWL62x0BA=="
    },
    "ts-nkeys": {
      "version": "1.0.16",
      "resolved": "https://registry.npmjs.org/ts-nkeys/-/ts-nkeys-1.0.16.tgz",
      "integrity": "sha512-1qrhAlavbm36wtW+7NtKOgxpzl+70NTF8xlz9mEhiA5zHMlMxjj3sEVKWm3pGZhHXE0Q3ykjrj+OSRVaYw+Dqg==",
      "requires": {
        "tweetnacl": "^1.0.3"
      }
    },
    "tweetnacl": {
      "version": "1.0.3",
      "resolved": "https://registry.npmjs.org/tweetnacl/-/tweetnacl-1.0.3.tgz",
      "integrity": "sha512-6rt+RN7aOi1nGMyC4Xa5DdYiukl2UWCbcJft7YhxReBGQD7OAM8Pbxw6YMo4r2diNEA8FEmu32YOn9rhaiE5yw=="
    }
  }
}
